
Microsoft Visual Studio Solution File, Format Version 12.00
# Visual Studio Version 17
VisualStudioVersion = 17.0.31903.59
MinimumVisualStudioVersion = 10.0.40219.1
Project("{FAE04EC0-301F-11D3-BF4B-00C04F79EFBC}") = "OrderAccumulator.Api", "src\OrderAccumulator.Api\OrderAccumulator.Api.csproj", "{A2E6E9A1-5E0A-4D2E-A1C9-000000000001}"
EndProject
Project("{2150E333-8FDC-42A3-9474-1A3956D46DE8}") = "tests", "tests", "{0AB3BF05-4346-4AA6-1389-037BE0695223}"
EndProject
Project("{FAE04EC0-301F-11D3-BF4B-00C04F79EFBC}") = "OrderAccumulator.UnitTests", "tests\OrderAccumulator.UnitTests\OrderAccumulator.UnitTests.csproj", "{8B7AD9C5-C742-4BBA-BA97-6A3575324E66}"
EndProject
Global
	GlobalSection(SolutionConfigurationPlatforms) = preSolution
		Debug|Any CPU = Debug|Any CPU
		Debug|x64 = Debug|x64
		Debug|x86 = Debug|x86
		Release|Any CPU = Release|Any CPU
		Release|x64 = Release|x64
		Release|x86 = Release|x86
	EndGlobalSection
	GlobalSection(ProjectConfigurationPlatforms) = postSolution
		{A2E6E9A1-5E0A-4D2E-A1C9-000000000001}.Debug|Any CPU.ActiveCfg = Debug|Any CPU
		{A2E6E9A1-5E0A-4D2E-A1C9-000000000001}.Debug|Any CPU.Build.0 = Debug|Any CPU
		{A2E6E9A1-5E0A-4D2E-A1C9-000000000001}.Debug|x64.ActiveCfg = Debug|Any CPU
		{A2E6E9A1-5E0A-4D2E-A1C9-000000000001}.Debug|x64.Build.0 = Debug|Any CPU
		{A2E6E9A1-5E0A-4D2E-A1C9-000000000001}.Debug|x86.ActiveCfg = Debug|Any CPU
		{A2E6E9A1-5E0A-4D2E-A1C9-000000000001}.Debug|x86.Build.0 = Debug|Any CPU
		{A2E6E9A1-5E0A-4D2E-A1C9-000000000001}.Release|Any CPU.ActiveCfg = Release|Any CPU
		{A2E6E9A1-5E0A-4D2E-A1C9-000000000001}.Release|Any CPU.Build.0 = Release|Any CPU
		{A2E6E9A1-5E0A-4D2E-A1C9-000000000001}.Release|x64.ActiveCfg = Release|Any CPU
		{A2E6E9A1-5E0A-4D2E-A1C9-000000000001}.Release|x64.Build.0 = Release|Any CPU
		{A2E6E9A1-5E0A-4D2E-A1C9-000000000001}.Release|x86.ActiveCfg = Release|Any CPU
		{A2E6E9A1-5E0A-4D2E-A1C9-000000000001}.Release|x86.Build.0 = Release|Any CPU
		{8B7AD9C5-C742-4BBA-BA97-6A3575324E66}.Debug|Any CPU.ActiveCfg = Debug|Any CPU
		{8B7AD9C5-C742-4BBA-BA97-6A3575324E66}.Debug|Any CPU.Build.0 = Debug|Any CPU
		{8B7AD9C5-C742-4BBA-BA97-6A3575324E66}.Debug|x64.ActiveCfg = Debug|Any CPU
		{8B7AD9C5-C742-4BBA-BA97-6A3575324E66}.Debug|x64.Build.0 = Debug|Any CPU
		{8B7AD9C5-C742-4BBA-BA97-6A3575324E66}.Debug|x86.ActiveCfg = Debug|Any CPU
		{8B7AD9C5-C742-4BBA-BA97-6A3575324E66}.Debug|x86.Build.0 = Debug|Any CPU
		{8B7AD9C5-C742-4BBA-BA97-6A3575324E66}.Release|Any CPU.ActiveCfg = Release|Any CPU
		{8B7AD9C5-C742-4BBA-BA97-6A3575324E66}.Release|Any CPU.Build.0 = Release|Any CPU
		{8B7AD9C5-C742-4BBA-BA97-6A3575324E66}.Release|x64.ActiveCfg = Release|Any CPU
		{8B7AD9C5-C742-4BBA-BA97-6A3575324E66}.Release|x64.Build.0 = Release|Any CPU
		{8B7AD9C5-C742-4BBA-BA97-6A3575324E66}.Release|x86.ActiveCfg = Release|Any CPU
		{8B7AD9C5-C742-4BBA-BA97-6A3575324E66}.Release|x86.Build.0 = Release|Any CPU
	EndGlobalSection
	GlobalSection(SolutionProperties) = preSolution
		HideSolutionNode = FALSE
	EndGlobalSection
	GlobalSection(NestedProjects) = preSolution
		{8B7AD9C5-C742-4BBA-BA97-6A3575324E66} = {0AB3BF05-4346-4AA6-1389-037BE0695223}
	EndGlobalSection
EndGlobal
